// !$*UTF8*$!
{
	archiveVersion = 1;
	classes = {
	};
	objectVersion = 46;
	objects = {

/* Begin PBXBuildFile section */
		7143CEE018D3E888002C0072 /* Foundation.framework in Frameworks */ = {isa = PBXBuildFile; fileRef = 7143CEDF18D3E888002C0072 /* Foundation.framework */; };
		7143CEE218D3E888002C0072 /* CoreGraphics.framework in Frameworks */ = {isa = PBXBuildFile; fileRef = 7143CEE118D3E888002C0072 /* CoreGraphics.framework */; };
		7143CEE418D3E888002C0072 /* UIKit.framework in Frameworks */ = {isa = PBXBuildFile; fileRef = 7143CEE318D3E888002C0072 /* UIKit.framework */; };
		7143CEEA18D3E888002C0072 /* InfoPlist.strings in Resources */ = {isa = PBXBuildFile; fileRef = 7143CEE818D3E888002C0072 /* InfoPlist.strings */; };
		7143CEEC18D3E888002C0072 /* main.m in Sources */ = {isa = PBXBuildFile; fileRef = 7143CEEB18D3E888002C0072 /* main.m */; };
		7143CEF018D3E888002C0072 /* AppDelegate.m in Sources */ = {isa = PBXBuildFile; fileRef = 7143CEEF18D3E888002C0072 /* AppDelegate.m */; };
		7143CEF218D3E888002C0072 /* Images.xcassets in Resources */ = {isa = PBXBuildFile; fileRef = 7143CEF118D3E888002C0072 /* Images.xcassets */; };
		7143CEF918D3E888002C0072 /* XCTest.framework in Frameworks */ = {isa = PBXBuildFile; fileRef = 7143CEF818D3E888002C0072 /* XCTest.framework */; };
		7143CEFA18D3E888002C0072 /* Foundation.framework in Frameworks */ = {isa = PBXBuildFile; fileRef = 7143CEDF18D3E888002C0072 /* Foundation.framework */; };
		7143CEFB18D3E888002C0072 /* UIKit.framework in Frameworks */ = {isa = PBXBuildFile; fileRef = 7143CEE318D3E888002C0072 /* UIKit.framework */; };
		7143CF0318D3E888002C0072 /* InfoPlist.strings in Resources */ = {isa = PBXBuildFile; fileRef = 7143CF0118D3E888002C0072 /* InfoPlist.strings */; };
		7143CF0518D3E888002C0072 /* virgin_iOSTests.m in Sources */ = {isa = PBXBuildFile; fileRef = 7143CF0418D3E888002C0072 /* virgin_iOSTests.m */; };
		7143CF1418D3FB45002C0072 /* Main.storyboard in Resources */ = {isa = PBXBuildFile; fileRef = 7143CF1318D3FB45002C0072 /* Main.storyboard */; };
		7143CF1D18D40ECB002C0072 /* virgin_AddNewItemViewController.m in Sources */ = {isa = PBXBuildFile; fileRef = 7143CF1C18D40ECB002C0072 /* virgin_AddNewItemViewController.m */; };
		7143CF2018D40FEE002C0072 /* virgin_TableViewController.m in Sources */ = {isa = PBXBuildFile; fileRef = 7143CF1F18D40FEE002C0072 /* virgin_TableViewController.m */; };
/* End PBXBuildFile section */

/* Begin PBXContainerItemProxy section */
		7143CEFC18D3E888002C0072 /* PBXContainerItemProxy */ = {
			isa = PBXContainerItemProxy;
			containerPortal = 7143CED418D3E887002C0072 /* Project object */;
			proxyType = 1;
			remoteGlobalIDString = 7143CEDB18D3E888002C0072;
			remoteInfo = virgin_iOS;
		};
/* End PBXContainerItemProxy section */

/* Begin PBXFileReference section */
		7143CEDC18D3E888002C0072 /* virgin_iOS.app */ = {isa = PBXFileReference; explicitFileType = wrapper.application; includeInIndex = 0; path = virgin_iOS.app; sourceTree = BUILT_PRODUCTS_DIR; };
		7143CEDF18D3E888002C0072 /* Foundation.framework */ = {isa = PBXFileReference; lastKnownFileType = wrapper.framework; name = Foundation.framework; path = System/Library/Frameworks/Foundation.framework; sourceTree = SDKROOT; };
		7143CEE118D3E888002C0072 /* CoreGraphics.framework */ = {isa = PBXFileReference; lastKnownFileType = wrapper.framework; name = CoreGraphics.framework; path = System/Library/Frameworks/CoreGraphics.framework; sourceTree = SDKROOT; };
		7143CEE318D3E888002C0072 /* UIKit.framework */ = {isa = PBXFileReference; lastKnownFileType = wrapper.framework; name = UIKit.framework; path = System/Library/Frameworks/UIKit.framework; sourceTree = SDKROOT; };
		7143CEE718D3E888002C0072 /* virgin_iOS-Info.plist */ = {isa = PBXFileReference; lastKnownFileType = text.plist.xml; path = "virgin_iOS-Info.plist"; sourceTree = "<group>"; };
		7143CEE918D3E888002C0072 /* en */ = {isa = PBXFileReference; lastKnownFileType = text.plist.strings; name = en; path = en.lproj/InfoPlist.strings; sourceTree = "<group>"; };
		7143CEEB18D3E888002C0072 /* main.m */ = {isa = PBXFileReference; lastKnownFileType = sourcecode.c.objc; path = main.m; sourceTree = "<group>"; };
		7143CEED18D3E888002C0072 /* virgin_iOS-Prefix.pch */ = {isa = PBXFileReference; lastKnownFileType = sourcecode.c.h; path = "virgin_iOS-Prefix.pch"; sourceTree = "<group>"; };
		7143CEEE18D3E888002C0072 /* AppDelegate.h */ = {isa = PBXFileReference; lastKnownFileType = sourcecode.c.h; path = AppDelegate.h; sourceTree = "<group>"; };
		7143CEEF18D3E888002C0072 /* AppDelegate.m */ = {isa = PBXFileReference; lastKnownFileType = sourcecode.c.objc; path = AppDelegate.m; sourceTree = "<group>"; };
		7143CEF118D3E888002C0072 /* Images.xcassets */ = {isa = PBXFileReference; lastKnownFileType = folder.assetcatalog; path = Images.xcassets; sourceTree = "<group>"; };
		7143CEF718D3E888002C0072 /* virgin_iOSTests.xctest */ = {isa = PBXFileReference; explicitFileType = wrapper.cfbundle; includeInIndex = 0; path = virgin_iOSTests.xctest; sourceTree = BUILT_PRODUCTS_DIR; };
		7143CEF818D3E888002C0072 /* XCTest.framework */ = {isa = PBXFileReference; lastKnownFileType = wrapper.framework; name = XCTest.framework; path = Library/Frameworks/XCTest.framework; sourceTree = DEVELOPER_DIR; };
		7143CF0018D3E888002C0072 /* virgin_iOSTests-Info.plist */ = {isa = PBXFileReference; lastKnownFileType = text.plist.xml; path = "virgin_iOSTests-Info.plist"; sourceTree = "<group>"; };
		7143CF0218D3E888002C0072 /* en */ = {isa = PBXFileReference; lastKnownFileType = text.plist.strings; name = en; path = en.lproj/InfoPlist.strings; sourceTree = "<group>"; };
		7143CF0418D3E888002C0072 /* virgin_iOSTests.m */ = {isa = PBXFileReference; lastKnownFileType = sourcecode.c.objc; path = virgin_iOSTests.m; sourceTree = "<group>"; };
		7143CF1318D3FB45002C0072 /* Main.storyboard */ = {isa = PBXFileReference; fileEncoding = 4; lastKnownFileType = file.storyboard; path = Main.storyboard; sourceTree = "<group>"; };
		7143CF1B18D40ECB002C0072 /* virgin_AddNewItemViewController.h */ = {isa = PBXFileReference; fileEncoding = 4; lastKnownFileType = sourcecode.c.h; path = virgin_AddNewItemViewController.h; sourceTree = "<group>"; };
		7143CF1C18D40ECB002C0072 /* virgin_AddNewItemViewController.m */ = {isa = PBXFileReference; fileEncoding = 4; lastKnownFileType = sourcecode.c.objc; path = virgin_AddNewItemViewController.m; sourceTree = "<group>"; };
		7143CF1E18D40FEE002C0072 /* virgin_TableViewController.h */ = {isa = PBXFileReference; fileEncoding = 4; lastKnownFileType = sourcecode.c.h; path = virgin_TableViewController.h; sourceTree = "<group>"; };
		7143CF1F18D40FEE002C0072 /* virgin_TableViewController.m */ = {isa = PBXFileReference; fileEncoding = 4; lastKnownFileType = sourcecode.c.objc; path = virgin_TableViewController.m; sourceTree = "<group>"; };
/* End PBXFileReference section */

/* Begin PBXFrameworksBuildPhase section */
		7143CED918D3E888002C0072 /* Frameworks */ = {
			isa = PBXFrameworksBuildPhase;
			buildActionMask = 2147483647;
			files = (
				7143CEE218D3E888002C0072 /* CoreGraphics.framework in Frameworks */,
				7143CEE418D3E888002C0072 /* UIKit.framework in Frameworks */,
				7143CEE018D3E888002C0072 /* Foundation.framework in Frameworks */,
			);
			runOnlyForDeploymentPostprocessing = 0;
		};
		7143CEF418D3E888002C0072 /* Frameworks */ = {
			isa = PBXFrameworksBuildPhase;
			buildActionMask = 2147483647;
			files = (
				7143CEF918D3E888002C0072 /* XCTest.framework in Frameworks */,
				7143CEFB18D3E888002C0072 /* UIKit.framework in Frameworks */,
				7143CEFA18D3E888002C0072 /* Foundation.framework in Frameworks */,
			);
			runOnlyForDeploymentPostprocessing = 0;
		};
/* End PBXFrameworksBuildPhase section */

/* Begin PBXGroup section */
		7143CED318D3E887002C0072 = {
			isa = PBXGroup;
			children = (
				7143CF1B18D40ECB002C0072 /* virgin_AddNewItemViewController.h */,
				7143CF1C18D40ECB002C0072 /* virgin_AddNewItemViewController.m */,
				7143CEE518D3E888002C0072 /* virgin_iOS */,
				7143CEFE18D3E888002C0072 /* virgin_iOSTests */,
				7143CEDE18D3E888002C0072 /* Frameworks */,
				7143CEDD18D3E888002C0072 /* Products */,
			);
			sourceTree = "<group>";
		};
		7143CEDD18D3E888002C0072 /* Products */ = {
			isa = PBXGroup;
			children = (
				7143CEDC18D3E888002C0072 /* virgin_iOS.app */,
				7143CEF718D3E888002C0072 /* virgin_iOSTests.xctest */,
			);
			name = Products;
			sourceTree = "<group>";
		};
		7143CEDE18D3E888002C0072 /* Frameworks */ = {
			isa = PBXGroup;
			children = (
				7143CEDF18D3E888002C0072 /* Foundation.framework */,
				7143CEE118D3E888002C0072 /* CoreGraphics.framework */,
				7143CEE318D3E888002C0072 /* UIKit.framework */,
				7143CEF818D3E888002C0072 /* XCTest.framework */,
			);
			name = Frameworks;
			sourceTree = "<group>";
		};
		7143CEE518D3E888002C0072 /* virgin_iOS */ = {
			isa = PBXGroup;
			children = (
				7143CEEE18D3E888002C0072 /* AppDelegate.h */,
				7143CEEF18D3E888002C0072 /* AppDelegate.m */,
				7143CF1318D3FB45002C0072 /* Main.storyboard */,
				7143CF1E18D40FEE002C0072 /* virgin_TableViewController.h */,
				7143CF1F18D40FEE002C0072 /* virgin_TableViewController.m */,
				7143CEF118D3E888002C0072 /* Images.xcassets */,
				7143CEE618D3E888002C0072 /* Supporting Files */,
			);
			path = virgin_iOS;
			sourceTree = "<group>";
		};
		7143CEE618D3E888002C0072 /* Supporting Files */ = {
			isa = PBXGroup;
			children = (
				7143CEE718D3E888002C0072 /* virgin_iOS-Info.plist */,
				7143CEE818D3E888002C0072 /* InfoPlist.strings */,
				7143CEEB18D3E888002C0072 /* main.m */,
				7143CEED18D3E888002C0072 /* virgin_iOS-Prefix.pch */,
			);
			name = "Supporting Files";
			sourceTree = "<group>";
		};
		7143CEFE18D3E888002C0072 /* virgin_iOSTests */ = {
			isa = PBXGroup;
			children = (
				7143CF0418D3E888002C0072 /* virgin_iOSTests.m */,
				7143CEFF18D3E888002C0072 /* Supporting Files */,
			);
			path = virgin_iOSTests;
			sourceTree = "<group>";
		};
		7143CEFF18D3E888002C0072 /* Supporting Files */ = {
			isa = PBXGroup;
			children = (
				7143CF0018D3E888002C0072 /* virgin_iOSTests-Info.plist */,
				7143CF0118D3E888002C0072 /* InfoPlist.strings */,
			);
			name = "Supporting Files";
			sourceTree = "<group>";
		};
/* End PBXGroup section */

/* Begin PBXNativeTarget section */
		7143CEDB18D3E888002C0072 /* virgin_iOS */ = {
			isa = PBXNativeTarget;
			buildConfigurationList = 7143CF0818D3E888002C0072 /* Build configuration list for PBXNativeTarget "virgin_iOS" */;
			buildPhases = (
				7143CED818D3E888002C0072 /* Sources */,
				7143CED918D3E888002C0072 /* Frameworks */,
				7143CEDA18D3E888002C0072 /* Resources */,
			);
			buildRules = (
			);
			dependencies = (
			);
			name = virgin_iOS;
			productName = virgin_iOS;
			productReference = 7143CEDC18D3E888002C0072 /* virgin_iOS.app */;
			productType = "com.apple.product-type.application";
		};
		7143CEF618D3E888002C0072 /* virgin_iOSTests */ = {
			isa = PBXNativeTarget;
			buildConfigurationList = 7143CF0B18D3E888002C0072 /* Build configuration list for PBXNativeTarget "virgin_iOSTests" */;
			buildPhases = (
				7143CEF318D3E888002C0072 /* Sources */,
				7143CEF418D3E888002C0072 /* Frameworks */,
				7143CEF518D3E888002C0072 /* Resources */,
			);
			buildRules = (
			);
			dependencies = (
				7143CEFD18D3E888002C0072 /* PBXTargetDependency */,
			);
			name = virgin_iOSTests;
			productName = virgin_iOSTests;
			productReference = 7143CEF718D3E888002C0072 /* virgin_iOSTests.xctest */;
			productType = "com.apple.product-type.bundle.unit-test";
		};
/* End PBXNativeTarget section */

/* Begin PBXProject section */
		7143CED418D3E887002C0072 /* Project object */ = {
			isa = PBXProject;
			attributes = {
				LastUpgradeCheck = 0510;
				ORGANIZATIONNAME = 4leafknife;
				TargetAttributes = {
					7143CEF618D3E888002C0072 = {
						TestTargetID = 7143CEDB18D3E888002C0072;
					};
				};
			};
			buildConfigurationList = 7143CED718D3E888002C0072 /* Build configuration list for PBXProject "virgin_iOS" */;
			compatibilityVersion = "Xcode 3.2";
			developmentRegion = English;
			hasScannedForEncodings = 0;
			knownRegions = (
				en,
			);
			mainGroup = 7143CED318D3E887002C0072;
			productRefGroup = 7143CEDD18D3E888002C0072 /* Products */;
			projectDirPath = "";
			projectRoot = "";
			targets = (
				7143CEDB18D3E888002C0072 /* virgin_iOS */,
				7143CEF618D3E888002C0072 /* virgin_iOSTests */,
			);
		};
/* End PBXProject section */

/* Begin PBXResourcesBuildPhase section */
		7143CEDA18D3E888002C0072 /* Resources */ = {
			isa = PBXResourcesBuildPhase;
			buildActionMask = 2147483647;
			files = (
				7143CEEA18D3E888002C0072 /* InfoPlist.strings in Resources */,
				7143CEF218D3E888002C0072 /* Images.xcassets in Resources */,
				7143CF1418D3FB45002C0072 /* Main.storyboard in Resources */,
			);
			runOnlyForDeploymentPostprocessing = 0;
		};
		7143CEF518D3E888002C0072 /* Resources */ = {
			isa = PBXResourcesBuildPhase;
			buildActionMask = 2147483647;
			files = (
				7143CF0318D3E888002C0072 /* InfoPlist.strings in Resources */,
			);
			runOnlyForDeploymentPostprocessing = 0;
		};
/* End PBXResourcesBuildPhase section */

/* Begin PBXSourcesBuildPhase section */
		7143CED818D3E888002C0072 /* Sources */ = {
			isa = PBXSourcesBuildPhase;
			buildActionMask = 2147483647;
			files = (
				7143CF2018D40FEE002C0072 /* virgin_TableViewController.m in Sources */,
				7143CEF018D3E888002C0072 /* AppDelegate.m in Sources */,
				7143CEEC18D3E888002C0072 /* main.m in Sources */,
				7143CF1D18D40ECB002C0072 /* virgin_AddNewItemViewController.m in Sources */,
			);
			runOnlyForDeploymentPostprocessing = 0;
		};
		7143CEF318D3E888002C0072 /* Sources */ = {
			isa = PBXSourcesBuildPhase;
			buildActionMask = 2147483647;
			files = (
				7143CF0518D3E888002C0072 /* virgin_iOSTests.m in Sources */,
			);
			runOnlyForDeploymentPostprocessing = 0;
		};
/* End PBXSourcesBuildPhase section */

/* Begin PBXTargetDependency section */
		7143CEFD18D3E888002C0072 /* PBXTargetDependency */ = {
			isa = PBXTargetDependency;
			target = 7143CEDB18D3E888002C0072 /* virgin_iOS */;
			targetProxy = 7143CEFC18D3E888002C0072 /* PBXContainerItemProxy */;
		};
/* End PBXTargetDependency section */

/* Begin PBXVariantGroup section */
		7143CEE818D3E888002C0072 /* InfoPlist.strings */ = {
			isa = PBXVariantGroup;
			children = (
				7143CEE918D3E888002C0072 /* en */,
			);
			name = InfoPlist.strings;
			sourceTree = "<group>";
		};
		7143CF0118D3E888002C0072 /* InfoPlist.strings */ = {
			isa = PBXVariantGroup;
			children = (
				7143CF0218D3E888002C0072 /* en */,
			);
			name = InfoPlist.strings;
			sourceTree = "<group>";
		};
/* End PBXVariantGroup section */

/* Begin XCBuildConfiguration section */
		7143CF0618D3E888002C0072 /* Debug */ = {
			isa = XCBuildConfiguration;
			buildSettings = {
				ALWAYS_SEARCH_USER_PATHS = NO;
				CLANG_CXX_LANGUAGE_STANDARD = "gnu++0x";
				CLANG_CXX_LIBRARY = "libc++";
				CLANG_ENABLE_MODULES = YES;
				CLANG_ENABLE_OBJC_ARC = YES;
				CLANG_WARN_BOOL_CONVERSION = YES;
				CLANG_WARN_CONSTANT_CONVERSION = YES;
				CLANG_WARN_DIRECT_OBJC_ISA_USAGE = YES_ERROR;
				CLANG_WARN_EMPTY_BODY = YES;
				CLANG_WARN_ENUM_CONVERSION = YES;
				CLANG_WARN_INT_CONVERSION = YES;
				CLANG_WARN_OBJC_ROOT_CLASS = YES_ERROR;
				CLANG_WARN__DUPLICATE_METHOD_MATCH = YES;
				"CODE_SIGN_IDENTITY[sdk=iphoneos*]" = "iPhone Developer";
				COPY_PHASE_STRIP = NO;
				GCC_C_LANGUAGE_STANDARD = gnu99;
				GCC_DYNAMIC_NO_PIC = NO;
				GCC_OPTIMIZATION_LEVEL = 0;
				GCC_PREPROCESSOR_DEFINITIONS = (
					"DEBUG=1",
					"$(inherited)",
				);
				GCC_SYMBOLS_PRIVATE_EXTERN = NO;
				GCC_WARN_64_TO_32_BIT_CONVERSION = YES;
				GCC_WARN_ABOUT_RETURN_TYPE = YES_ERROR;
				GCC_WARN_UNDECLARED_SELECTOR = YES;
				GCC_WARN_UNINITIALIZED_AUTOS = YES_AGGRESSIVE;
				GCC_WARN_UNUSED_FUNCTION = YES;
				GCC_WARN_UNUSED_VARIABLE = YES;
				IPHONEOS_DEPLOYMENT_TARGET = 7.1;
				ONLY_ACTIVE_ARCH = YES;
				SDKROOT = iphoneos;
				TARGETED_DEVICE_FAMILY = "1,2";
			};
			name = Debug;
		};
		7143CF0718D3E888002C0072 /* Release */ = {
			isa = XCBuildConfiguration;
			buildSettings = {
				ALWAYS_SEARCH_USER_PATHS = NO;
				CLANG_CXX_LANGUAGE_STANDARD = "gnu++0x";
				CLANG_CXX_LIBRARY = "libc++";
				CLANG_ENABLE_MODULES = YES;
				CLANG_ENABLE_OBJC_ARC = YES;
				CLANG_WARN_BOOL_CONVERSION = YES;
				CLANG_WARN_CONSTANT_CONVERSION = YES;
				CLANG_WARN_DIRECT_OBJC_ISA_USAGE = YES_ERROR;
				CLANG_WARN_EMPTY_BODY = YES;
				CLANG_WARN_ENUM_CONVERSION = YES;
				CLANG_WARN_INT_CONVERSION = YES;
				CLANG_WARN_OBJC_ROOT_CLASS = YES_ERROR;
				CLANG_WARN__DUPLICATE_METHOD_MATCH = YES;
				"CODE_SIGN_IDENTITY[sdk=iphoneos*]" = "iPhone Developer";
				COPY_PHASE_STRIP = YES;
				ENABLE_NS_ASSERTIONS = NO;
				GCC_C_LANGUAGE_STANDARD = gnu99;
				GCC_WARN_64_TO_32_BIT_CONVERSION = YES;
				GCC_WARN_ABOUT_RETURN_TYPE = YES_ERROR;
				GCC_WARN_UNDECLARED_SELECTOR = YES;
				GCC_WARN_UNINITIALIZED_AUTOS = YES_AGGRESSIVE;
				GCC_WARN_UNUSED_FUNCTION = YES;
				GCC_WARN_UNUSED_VARIABLE = YES;
				IPHONEOS_DEPLOYMENT_TARGET = 7.1;
				SDKROOT = iphoneos;
				TARGETED_DEVICE_FAMILY = "1,2";
				VALIDATE_PRODUCT = YES;
			};
			name = Release;
		};
		7143CF0918D3E888002C0072 /* Debug */ = {
			isa = XCBuildConfiguration;
			buildSettings = {
				ASSETCATALOG_COMPILER_APPICON_NAME = AppIcon;
				ASSETCATALOG_COMPILER_LAUNCHIMAGE_NAME = LaunchImage;
				GCC_PRECOMPILE_PREFIX_HEADER = YES;
				GCC_PREFIX_HEADER = "virgin_iOS/virgin_iOS-Prefix.pch";
				INFOPLIST_FILE = "virgin_iOS/virgin_iOS-Info.plist";
				PRODUCT_NAME = "$(TARGET_NAME)";
				WRAPPER_EXTENSION = app;
			};
			name = Debug;
		};
		7143CF0A18D3E888002C0072 /* Release */ = {
			isa = XCBuildConfiguration;
			buildSettings = {
				ASSETCATALOG_COMPILER_APPICON_NAME = AppIcon;
				ASSETCATALOG_COMPILER_LAUNCHIMAGE_NAME = LaunchImage;
				GCC_PRECOMPILE_PREFIX_HEADER = YES;
				GCC_PREFIX_HEADER = "virgin_iOS/virgin_iOS-Prefix.pch";
				INFOPLIST_FILE = "virgin_iOS/virgin_iOS-Info.plist";
				PRODUCT_NAME = "$(TARGET_NAME)";
				WRAPPER_EXTENSION = app;
			};
			name = Release;
		};
		7143CF0C18D3E888002C0072 /* Debug */ = {
			isa = XCBuildConfiguration;
			buildSettings = {
				BUNDLE_LOADER = "$(BUILT_PRODUCTS_DIR)/virgin_iOS.app/virgin_iOS";
				FRAMEWORK_SEARCH_PATHS = (
					"$(SDKROOT)/Developer/Library/Frameworks",
					"$(inherited)",
					"$(DEVELOPER_FRAMEWORKS_DIR)",
				);
				GCC_PRECOMPILE_PREFIX_HEADER = YES;
				GCC_PREFIX_HEADER = "virgin_iOS/virgin_iOS-Prefix.pch";
				GCC_PREPROCESSOR_DEFINITIONS = (
					"DEBUG=1",
					"$(inherited)",
				);
				INFOPLIST_FILE = "virgin_iOSTests/virgin_iOSTests-Info.plist";
				PRODUCT_NAME = "$(TARGET_NAME)";
				TEST_HOST = "$(BUNDLE_LOADER)";
				WRAPPER_EXTENSION = xctest;
			};
			name = Debug;
		};
		7143CF0D18D3E888002C0072 /* Release */ = {
			isa = XCBuildConfiguration;
			buildSettings = {
				BUNDLE_LOADER = "$(BUILT_PRODUCTS_DIR)/virgin_iOS.app/virgin_iOS";
				FRAMEWORK_SEARCH_PATHS = (
					"$(SDKROOT)/Developer/Library/Frameworks",
					"$(inherited)",
					"$(DEVELOPER_FRAMEWORKS_DIR)",
				);
				GCC_PRECOMPILE_PREFIX_HEADER = YES;
				GCC_PREFIX_HEADER = "virgin_iOS/virgin_iOS-Prefix.pch";
				INFOPLIST_FILE = "virgin_iOSTests/virgin_iOSTests-Info.plist";
				PRODUCT_NAME = "$(TARGET_NAME)";
				TEST_HOST = "$(BUNDLE_LOADER)";
				WRAPPER_EXTENSION = xctest;
			};
			name = Release;
		};
/* End XCBuildConfiguration section */

/* Begin XCConfigurationList section */
		7143CED718D3E888002C0072 /* Build configuration list for PBXProject "virgin_iOS" */ = {
			isa = XCConfigurationList;
			buildConfigurations = (
				7143CF0618D3E888002C0072 /* Debug */,
				7143CF0718D3E888002C0072 /* Release */,
			);
			defaultConfigurationIsVisible = 0;
			defaultConfigurationName = Release;
		};
		7143CF0818D3E888002C0072 /* Build configuration list for PBXNativeTarget "virgin_iOS" */ = {
			isa = XCConfigurationList;
			buildConfigurations = (
				7143CF0918D3E888002C0072 /* Debug */,
				7143CF0A18D3E888002C0072 /* Release */,
			);
			defaultConfigurationIsVisible = 0;
		};
		7143CF0B18D3E888002C0072 /* Build configuration list for PBXNativeTarget "virgin_iOSTests" */ = {
			isa = XCConfigurationList;
			buildConfigurations = (
				7143CF0C18D3E888002C0072 /* Debug */,
				7143CF0D18D3E888002C0072 /* Release */,
			);
			defaultConfigurationIsVisible = 0;
		};
/* End XCConfigurationList section */
	};
	rootObject = 7143CED418D3E887002C0072 /* Project object */;
}
